{
    "_meta": {
        "hash": {
            "sha256": "8d1c6bea55d460bd9c86b5e5b33680fda77d7c1c43672a41b964c33f8f653096"
        },
        "pipfile-spec": 6,
        "requires": {
            "python_version": "3.14"
        },
        "sources": [
            {
                "name": "pypi",
                "url": "https://pypi.org/simple",
                "verify_ssl": true
            }
        ]
    },
    "default": {},
    "develop": {}
}
